
Microsoft Visual Studio Solution File, Format Version 12.00
# Visual Studio Version 17
VisualStudioVersion = 17.10.35013.160
MinimumVisualStudioVersion = 10.0.40219.1
Project("{9A19103F-16F7-4668-BE54-9A1E7A4F7556}") = "BangumiRSSAggregator.Server", "BangumiRSSAggregator.Server.csproj", "{5CD98F44-933C-42AA-AE58-DBA610FA16DC}"
EndProject
Global
	GlobalSection(SolutionConfigurationPlatforms) = preSolution
		Debug|Any CPU = Debug|Any CPU
		Release|Any CPU = Release|Any CPU
	EndGlobalSection
	GlobalSection(ProjectConfigurationPlatforms) = postSolution
		{5CD98F44-933C-42AA-AE58-DBA610FA16DC}.Debug|Any CPU.ActiveCfg = Debug|Any CPU
		{5CD98F44-933C-42AA-AE58-DBA610FA16DC}.Debug|Any CPU.Build.0 = Debug|Any CPU
		{5CD98F44-933C-42AA-AE58-DBA610FA16DC}.Release|Any CPU.ActiveCfg = Release|Any CPU
		{5CD98F44-933C-42AA-AE58-DBA610FA16DC}.Release|Any CPU.Build.0 = Release|Any CPU
	EndGlobalSection
	GlobalSection(SolutionProperties) = preSolution
		HideSolutionNode = FALSE
	EndGlobalSection
	GlobalSection(ExtensibilityGlobals) = postSolution
		SolutionGuid = {F4F9001D-F694-4A32-B711-AA393EA90E56}
	EndGlobalSection
EndGlobal
